
Microsoft Visual Studio Solution File, Format Version 12.00
# Visual Studio Version 17
VisualStudioVersion = 17.5.2.0
MinimumVisualStudioVersion = 10.0.40219.1
Project("{2150E333-8FDC-42A3-9474-1A3956D46DE8}") = "1.6", "1.6", "{1640E604-1C96-E1F8-7D03-C37B102D04BD}"
EndProject
Project("{FAE04EC0-301F-11D3-BF4B-00C04F79EFBC}") = "RIMSPR", "1.6\Source\RIMSPR.csproj", "{4F6C261F-3CBC-4911-4205-69599F684D7C}"
EndProject
Global
	GlobalSection(SolutionConfigurationPlatforms) = preSolution
		Debug|Any CPU = Debug|Any CPU
		Release|Any CPU = Release|Any CPU
	EndGlobalSection
	GlobalSection(ProjectConfigurationPlatforms) = postSolution
		{4F6C261F-3CBC-4911-4205-69599F684D7C}.Debug|Any CPU.ActiveCfg = Debug|Any CPU
		{4F6C261F-3CBC-4911-4205-69599F684D7C}.Debug|Any CPU.Build.0 = Debug|Any CPU
		{4F6C261F-3CBC-4911-4205-69599F684D7C}.Release|Any CPU.ActiveCfg = Release|Any CPU
		{4F6C261F-3CBC-4911-4205-69599F684D7C}.Release|Any CPU.Build.0 = Release|Any CPU
	EndGlobalSection
	GlobalSection(SolutionProperties) = preSolution
		HideSolutionNode = FALSE
	EndGlobalSection
	GlobalSection(NestedProjects) = preSolution
		{4F6C261F-3CBC-4911-4205-69599F684D7C} = {1640E604-1C96-E1F8-7D03-C37B102D04BD}
	EndGlobalSection
	GlobalSection(ExtensibilityGlobals) = postSolution
		SolutionGuid = {D2DAE994-9899-43F9-91E0-E65F9C7A4492}
	EndGlobalSection
EndGlobal
